
Microsoft Visual Studio Solution File, Format Version 12.00
# Visual Studio 15
VisualStudioVersion = 15.0.27703.2018
MinimumVisualStudioVersion = 10.0.40219.1
Project("{FAE04EC0-301F-11D3-BF4B-00C04F79EFBC}") = "ASMOSimu", "ASMOSimu\ASMOSimu.csproj", "{DF41C2C6-FE28-480E-A6A4-5072CB2E4AEC}"
EndProject
Global
	GlobalSection(SolutionConfigurationPlatforms) = preSolution
		Debug|Any CPU = Debug|Any CPU
		Release|Any CPU = Release|Any CPU
	EndGlobalSection
	GlobalSection(ProjectConfigurationPlatforms) = postSolution
		{DF41C2C6-FE28-480E-A6A4-5072CB2E4AEC}.Debug|Any CPU.ActiveCfg = Debug|Any CPU
		{DF41C2C6-FE28-480E-A6A4-5072CB2E4AEC}.Debug|Any CPU.Build.0 = Debug|Any CPU
		{DF41C2C6-FE28-480E-A6A4-5072CB2E4AEC}.Release|Any CPU.ActiveCfg = Release|Any CPU
		{DF41C2C6-FE28-480E-A6A4-5072CB2E4AEC}.Release|Any CPU.Build.0 = Release|Any CPU
	EndGlobalSection
	GlobalSection(SolutionProperties) = preSolution
		HideSolutionNode = FALSE
	EndGlobalSection
	GlobalSection(ExtensibilityGlobals) = postSolution
		SolutionGuid = {5075DAF1-10C5-4D25-A043-363489821AC0}
	EndGlobalSection
EndGlobal
